// !$*UTF8*$!
{
	archiveVersion = 1;
	classes = {
	};
	objectVersion = 55;
	objects = {

/* Begin PBXBuildFile section */
		77CF7C8228A2ACE10093D9B2 /* UserManager.swift in Sources */ = {isa = PBXBuildFile; fileRef = 77CF7C8128A2ACE10093D9B2 /* UserManager.swift */; };
		77CF7C8428A2AED50093D9B2 /* NetworkStatus.swift in Sources */ = {isa = PBXBuildFile; fileRef = 77CF7C8328A2AED50093D9B2 /* NetworkStatus.swift */; };
		FB26697228996CCB00F8BA7F /* SegmentedView.swift in Sources */ = {isa = PBXBuildFile; fileRef = FB26697128996CCB00F8BA7F /* SegmentedView.swift */; };
		FB26697428996D0200F8BA7F /* MainButton.swift in Sources */ = {isa = PBXBuildFile; fileRef = FB26697328996D0200F8BA7F /* MainButton.swift */; };
		FB44AB4928A3F74C001501CD /* StringExtension.swift in Sources */ = {isa = PBXBuildFile; fileRef = FB44AB4828A3F74C001501CD /* StringExtension.swift */; };
		FB44AB4B28A3F7BA001501CD /* UIViewControllerExtension.swift in Sources */ = {isa = PBXBuildFile; fileRef = FB44AB4A28A3F7BA001501CD /* UIViewControllerExtension.swift */; };
		FB4CF5E82893ABC8001540CB /* RotationExtension.swift in Sources */ = {isa = PBXBuildFile; fileRef = FB4CF5E72893ABC8001540CB /* RotationExtension.swift */; };
		FB5B0A14289AB6C0002CA342 /* NSAtrributedStringExtension.swift in Sources */ = {isa = PBXBuildFile; fileRef = FB5B0A13289AB6C0002CA342 /* NSAtrributedStringExtension.swift */; };
		FB767E79289965610005164B /* Main.storyboard in Resources */ = {isa = PBXBuildFile; fileRef = FB767E78289965610005164B /* Main.storyboard */; };
		FB7CF1B528940AA600B66C78 /* UIViewExtensions.swift in Sources */ = {isa = PBXBuildFile; fileRef = FB7CF1B428940AA600B66C78 /* UIViewExtensions.swift */; };
		FB7D0112289AC5FD008936CD /* ResizableUICollectionView.swift in Sources */ = {isa = PBXBuildFile; fileRef = FB7D0111289AC5FD008936CD /* ResizableUICollectionView.swift */; };
		FB7D7E0528931D0F00BE4886 /* CornerRadiusExtension.swift in Sources */ = {isa = PBXBuildFile; fileRef = FB7D7E0428931D0F00BE4886 /* CornerRadiusExtension.swift */; };
		FBCA214728927F81005B6722 /* InitialViewController.swift in Sources */ = {isa = PBXBuildFile; fileRef = FBCA214628927F81005B6722 /* InitialViewController.swift */; };
		FBCA214928927FC7005B6722 /* SigninViewController.swift in Sources */ = {isa = PBXBuildFile; fileRef = FBCA214828927FC7005B6722 /* SigninViewController.swift */; };
		FBCA214B28927FE3005B6722 /* ConversationsViewController.swift in Sources */ = {isa = PBXBuildFile; fileRef = FBCA214A28927FE3005B6722 /* ConversationsViewController.swift */; };
		FBCA214D28928002005B6722 /* ContactsViewController.swift in Sources */ = {isa = PBXBuildFile; fileRef = FBCA214C28928002005B6722 /* ContactsViewController.swift */; };
		FBCA214F2892801F005B6722 /* ChatViewController.swift in Sources */ = {isa = PBXBuildFile; fileRef = FBCA214E2892801F005B6722 /* ChatViewController.swift */; };
		FBCA215128928056005B6722 /* FullScreenImageViewController.swift in Sources */ = {isa = PBXBuildFile; fileRef = FBCA215028928056005B6722 /* FullScreenImageViewController.swift */; };
		FBCA215328928094005B6722 /* ChatManager.swift in Sources */ = {isa = PBXBuildFile; fileRef = FBCA215228928094005B6722 /* ChatManager.swift */; };
		FBCA215628928159005B6722 /* UserDefaultsService.swift in Sources */ = {isa = PBXBuildFile; fileRef = FBCA215528928158005B6722 /* UserDefaultsService.swift */; };
		FBCA215928928187005B6722 /* ConversationCell.swift in Sources */ = {isa = PBXBuildFile; fileRef = FBCA215828928187005B6722 /* ConversationCell.swift */; };
		FBCA215C28928246005B6722 /* ObjectUser.swift in Sources */ = {isa = PBXBuildFile; fileRef = FBCA215B28928246005B6722 /* ObjectUser.swift */; };
		FBCA215F28928359005B6722 /* ObjectConversation.swift in Sources */ = {isa = PBXBuildFile; fileRef = FBCA215E28928359005B6722 /* ObjectConversation.swift */; };
		FBCA216128928360005B6722 /* ObjectMessage.swift in Sources */ = {isa = PBXBuildFile; fileRef = FBCA216028928360005B6722 /* ObjectMessage.swift */; };
		FBCA21632892857B005B6722 /* Coordinator.swift in Sources */ = {isa = PBXBuildFile; fileRef = FBCA21622892857B005B6722 /* Coordinator.swift */; };
		FBCA2166289285B3005B6722 /* NSObjectExtension.swift in Sources */ = {isa = PBXBuildFile; fileRef = FBCA2165289285B3005B6722 /* NSObjectExtension.swift */; };
		FBCA2169289288FA005B6722 /* SliderView.swift in Sources */ = {isa = PBXBuildFile; fileRef = FBCA2168289288FA005B6722 /* SliderView.swift */; };
		FBF1D4DB28927A8D008C64C3 /* AppDelegate.swift in Sources */ = {isa = PBXBuildFile; fileRef = FBF1D4DA28927A8D008C64C3 /* AppDelegate.swift */; };
		FBF1D4DD28927A8D008C64C3 /* SceneDelegate.swift in Sources */ = {isa = PBXBuildFile; fileRef = FBF1D4DC28927A8D008C64C3 /* SceneDelegate.swift */; };
		FBF1D4DF28927A8D008C64C3 /* OnboardingViewController.swift in Sources */ = {isa = PBXBuildFile; fileRef = FBF1D4DE28927A8D008C64C3 /* OnboardingViewController.swift */; };
		FBF1D4E428927A8E008C64C3 /* Assets.xcassets in Resources */ = {isa = PBXBuildFile; fileRef = FBF1D4E328927A8E008C64C3 /* Assets.xcassets */; };
		FBF1D4E728927A8E008C64C3 /* LaunchScreen.storyboard in Resources */ = {isa = PBXBuildFile; fileRef = FBF1D4E528927A8E008C64C3 /* LaunchScreen.storyboard */; };
/* End PBXBuildFile section */

/* Begin PBXFileReference section */
		77CF7C8128A2ACE10093D9B2 /* UserManager.swift */ = {isa = PBXFileReference; lastKnownFileType = sourcecode.swift; path = UserManager.swift; sourceTree = "<group>"; };
		77CF7C8328A2AED50093D9B2 /* NetworkStatus.swift */ = {isa = PBXFileReference; lastKnownFileType = sourcecode.swift; path = NetworkStatus.swift; sourceTree = "<group>"; };
		FB26697128996CCB00F8BA7F /* SegmentedView.swift */ = {isa = PBXFileReference; lastKnownFileType = sourcecode.swift; path = SegmentedView.swift; sourceTree = "<group>"; };
		FB26697328996D0200F8BA7F /* MainButton.swift */ = {isa = PBXFileReference; lastKnownFileType = sourcecode.swift; path = MainButton.swift; sourceTree = "<group>"; };
		FB44AB4828A3F74C001501CD /* StringExtension.swift */ = {isa = PBXFileReference; indentWidth = 2; lastKnownFileType = sourcecode.swift; path = StringExtension.swift; sourceTree = "<group>"; tabWidth = 2; };
		FB44AB4A28A3F7BA001501CD /* UIViewControllerExtension.swift */ = {isa = PBXFileReference; lastKnownFileType = sourcecode.swift; path = UIViewControllerExtension.swift; sourceTree = "<group>"; };
		FB4CF5E72893ABC8001540CB /* RotationExtension.swift */ = {isa = PBXFileReference; lastKnownFileType = sourcecode.swift; path = RotationExtension.swift; sourceTree = "<group>"; };
		FB5B0A13289AB6C0002CA342 /* NSAtrributedStringExtension.swift */ = {isa = PBXFileReference; lastKnownFileType = sourcecode.swift; path = NSAtrributedStringExtension.swift; sourceTree = "<group>"; };
		FB767E78289965610005164B /* Main.storyboard */ = {isa = PBXFileReference; fileEncoding = 4; lastKnownFileType = file.storyboard; path = Main.storyboard; sourceTree = "<group>"; };
		FB7CF1B428940AA600B66C78 /* UIViewExtensions.swift */ = {isa = PBXFileReference; lastKnownFileType = sourcecode.swift; path = UIViewExtensions.swift; sourceTree = "<group>"; };
		FB7D0111289AC5FD008936CD /* ResizableUICollectionView.swift */ = {isa = PBXFileReference; lastKnownFileType = sourcecode.swift; path = ResizableUICollectionView.swift; sourceTree = "<group>"; };
		FB7D7E0428931D0F00BE4886 /* CornerRadiusExtension.swift */ = {isa = PBXFileReference; lastKnownFileType = sourcecode.swift; path = CornerRadiusExtension.swift; sourceTree = "<group>"; };
		FBCA214628927F81005B6722 /* InitialViewController.swift */ = {isa = PBXFileReference; lastKnownFileType = sourcecode.swift; path = InitialViewController.swift; sourceTree = "<group>"; };
		FBCA214828927FC7005B6722 /* SigninViewController.swift */ = {isa = PBXFileReference; lastKnownFileType = sourcecode.swift; path = SigninViewController.swift; sourceTree = "<group>"; };
		FBCA214A28927FE3005B6722 /* ConversationsViewController.swift */ = {isa = PBXFileReference; lastKnownFileType = sourcecode.swift; path = ConversationsViewController.swift; sourceTree = "<group>"; };
		FBCA214C28928002005B6722 /* ContactsViewController.swift */ = {isa = PBXFileReference; lastKnownFileType = sourcecode.swift; path = ContactsViewController.swift; sourceTree = "<group>"; };
		FBCA214E2892801F005B6722 /* ChatViewController.swift */ = {isa = PBXFileReference; lastKnownFileType = sourcecode.swift; path = ChatViewController.swift; sourceTree = "<group>"; };
		FBCA215028928056005B6722 /* FullScreenImageViewController.swift */ = {isa = PBXFileReference; lastKnownFileType = sourcecode.swift; path = FullScreenImageViewController.swift; sourceTree = "<group>"; };
		FBCA215228928094005B6722 /* ChatManager.swift */ = {isa = PBXFileReference; lastKnownFileType = sourcecode.swift; path = ChatManager.swift; sourceTree = "<group>"; };
		FBCA215528928158005B6722 /* UserDefaultsService.swift */ = {isa = PBXFileReference; lastKnownFileType = sourcecode.swift; path = UserDefaultsService.swift; sourceTree = "<group>"; };
		FBCA215828928187005B6722 /* ConversationCell.swift */ = {isa = PBXFileReference; lastKnownFileType = sourcecode.swift; path = ConversationCell.swift; sourceTree = "<group>"; };
		FBCA215B28928246005B6722 /* ObjectUser.swift */ = {isa = PBXFileReference; lastKnownFileType = sourcecode.swift; path = ObjectUser.swift; sourceTree = "<group>"; };
		FBCA215E28928359005B6722 /* ObjectConversation.swift */ = {isa = PBXFileReference; lastKnownFileType = sourcecode.swift; path = ObjectConversation.swift; sourceTree = "<group>"; };
		FBCA216028928360005B6722 /* ObjectMessage.swift */ = {isa = PBXFileReference; lastKnownFileType = sourcecode.swift; path = ObjectMessage.swift; sourceTree = "<group>"; };
		FBCA21622892857B005B6722 /* Coordinator.swift */ = {isa = PBXFileReference; lastKnownFileType = sourcecode.swift; path = Coordinator.swift; sourceTree = "<group>"; };
		FBCA2165289285B3005B6722 /* NSObjectExtension.swift */ = {isa = PBXFileReference; lastKnownFileType = sourcecode.swift; path = NSObjectExtension.swift; sourceTree = "<group>"; };
		FBCA2168289288FA005B6722 /* SliderView.swift */ = {isa = PBXFileReference; lastKnownFileType = sourcecode.swift; path = SliderView.swift; sourceTree = "<group>"; };
		FBF1D4D728927A8D008C64C3 /* Chat-App.app */ = {isa = PBXFileReference; explicitFileType = wrapper.application; includeInIndex = 0; path = "Chat-App.app"; sourceTree = BUILT_PRODUCTS_DIR; };
		FBF1D4DA28927A8D008C64C3 /* AppDelegate.swift */ = {isa = PBXFileReference; lastKnownFileType = sourcecode.swift; path = AppDelegate.swift; sourceTree = "<group>"; };
		FBF1D4DC28927A8D008C64C3 /* SceneDelegate.swift */ = {isa = PBXFileReference; lastKnownFileType = sourcecode.swift; path = SceneDelegate.swift; sourceTree = "<group>"; };
		FBF1D4DE28927A8D008C64C3 /* OnboardingViewController.swift */ = {isa = PBXFileReference; lastKnownFileType = sourcecode.swift; path = OnboardingViewController.swift; sourceTree = "<group>"; };
		FBF1D4E328927A8E008C64C3 /* Assets.xcassets */ = {isa = PBXFileReference; lastKnownFileType = folder.assetcatalog; path = Assets.xcassets; sourceTree = "<group>"; };
		FBF1D4E628927A8E008C64C3 /* Base */ = {isa = PBXFileReference; lastKnownFileType = file.storyboard; name = Base; path = Base.lproj/LaunchScreen.storyboard; sourceTree = "<group>"; };
		FBF1D4E828927A8E008C64C3 /* Info.plist */ = {isa = PBXFileReference; lastKnownFileType = text.plist.xml; path = Info.plist; sourceTree = "<group>"; };
/* End PBXFileReference section */

/* Begin PBXFrameworksBuildPhase section */
		FBF1D4D428927A8D008C64C3 /* Frameworks */ = {
			isa = PBXFrameworksBuildPhase;
			buildActionMask = 2147483647;
			files = (
			);
			runOnlyForDeploymentPostprocessing = 0;
		};
/* End PBXFrameworksBuildPhase section */

/* Begin PBXGroup section */
		FBCA214428927EAF005B6722 /* ViewControllers */ = {
			isa = PBXGroup;
			children = (
				FBCA214628927F81005B6722 /* InitialViewController.swift */,
				FBCA214828927FC7005B6722 /* SigninViewController.swift */,
				FBF1D4DE28927A8D008C64C3 /* OnboardingViewController.swift */,
				FBCA214A28927FE3005B6722 /* ConversationsViewController.swift */,
				FBCA214C28928002005B6722 /* ContactsViewController.swift */,
				FBCA214E2892801F005B6722 /* ChatViewController.swift */,
				FBCA215028928056005B6722 /* FullScreenImageViewController.swift */,
			);
			path = ViewControllers;
			sourceTree = "<group>";
		};
		FBCA214528927EC0005B6722 /* Storyboard */ = {
			isa = PBXGroup;
			children = (
				FB767E78289965610005164B /* Main.storyboard */,
			);
			path = Storyboard;
			sourceTree = "<group>";
		};
		FBCA215428928143005B6722 /* Managers */ = {
			isa = PBXGroup;
			children = (
				77CF7C8128A2ACE10093D9B2 /* UserManager.swift */,
				FBCA215228928094005B6722 /* ChatManager.swift */,
			);
			path = Managers;
			sourceTree = "<group>";
		};
		FBCA21572892815F005B6722 /* Services */ = {
			isa = PBXGroup;
			children = (
				FBCA215528928158005B6722 /* UserDefaultsService.swift */,
			);
			path = Services;
			sourceTree = "<group>";
		};
		FBCA215A2892818B005B6722 /* Views */ = {
			isa = PBXGroup;
			children = (
				FBCA215828928187005B6722 /* ConversationCell.swift */,
				FBCA2168289288FA005B6722 /* SliderView.swift */,
				FB26697128996CCB00F8BA7F /* SegmentedView.swift */,
				FB26697328996D0200F8BA7F /* MainButton.swift */,
				FB7D0111289AC5FD008936CD /* ResizableUICollectionView.swift */,
			);
			path = Views;
			sourceTree = "<group>";
		};
		FBCA215D2892824A005B6722 /* Models */ = {
			isa = PBXGroup;
			children = (
				FBCA215B28928246005B6722 /* ObjectUser.swift */,
				FBCA215E28928359005B6722 /* ObjectConversation.swift */,
				FBCA216028928360005B6722 /* ObjectMessage.swift */,
			);
			path = Models;
			sourceTree = "<group>";
		};
		FBCA21642892858E005B6722 /* Coordinators */ = {
			isa = PBXGroup;
			children = (
				FBCA21622892857B005B6722 /* Coordinator.swift */,
			);
			path = Coordinators;
			sourceTree = "<group>";
		};
		FBCA2167289285C3005B6722 /* Extensions */ = {
			isa = PBXGroup;
			children = (
				FBCA2165289285B3005B6722 /* NSObjectExtension.swift */,
				FB7D7E0428931D0F00BE4886 /* CornerRadiusExtension.swift */,
				FB4CF5E72893ABC8001540CB /* RotationExtension.swift */,
				FB7CF1B428940AA600B66C78 /* UIViewExtensions.swift */,
				FB5B0A13289AB6C0002CA342 /* NSAtrributedStringExtension.swift */,
				FB44AB4828A3F74C001501CD /* StringExtension.swift */,
				FB44AB4A28A3F7BA001501CD /* UIViewControllerExtension.swift */,
			);
			path = Extensions;
			sourceTree = "<group>";
		};
		FBF1D4CE28927A8D008C64C3 = {
			isa = PBXGroup;
			children = (
				FBF1D4D928927A8D008C64C3 /* Chat-App */,
				FBF1D4D828927A8D008C64C3 /* Products */,
			);
			indentWidth = 2;
			sourceTree = "<group>";
			tabWidth = 2;
		};
		FBF1D4D828927A8D008C64C3 /* Products */ = {
			isa = PBXGroup;
			children = (
				FBF1D4D728927A8D008C64C3 /* Chat-App.app */,
			);
			name = Products;
			sourceTree = "<group>";
		};
		FBF1D4D928927A8D008C64C3 /* Chat-App */ = {
			isa = PBXGroup;
			children = (
				FBCA214528927EC0005B6722 /* Storyboard */,
				FBCA21642892858E005B6722 /* Coordinators */,
				FBCA215A2892818B005B6722 /* Views */,
				FBCA214428927EAF005B6722 /* ViewControllers */,
				FBCA215428928143005B6722 /* Managers */,
				FBCA21572892815F005B6722 /* Services */,
				FBCA215D2892824A005B6722 /* Models */,
				FBCA2167289285C3005B6722 /* Extensions */,
				FBF1D4EE28927E15008C64C3 /* Application */,
			);
			path = "Chat-App";
			sourceTree = "<group>";
		};
		FBF1D4EE28927E15008C64C3 /* Application */ = {
			isa = PBXGroup;
			children = (
				FBF1D4DA28927A8D008C64C3 /* AppDelegate.swift */,
				FBF1D4DC28927A8D008C64C3 /* SceneDelegate.swift */,
				77CF7C8328A2AED50093D9B2 /* NetworkStatus.swift */,
				FBF1D4E328927A8E008C64C3 /* Assets.xcassets */,
				FBF1D4E528927A8E008C64C3 /* LaunchScreen.storyboard */,
				FBF1D4E828927A8E008C64C3 /* Info.plist */,
			);
			path = Application;
			sourceTree = "<group>";
		};
/* End PBXGroup section */

/* Begin PBXNativeTarget section */
		FBF1D4D628927A8D008C64C3 /* Chat-App */ = {
			isa = PBXNativeTarget;
			buildConfigurationList = FBF1D4EB28927A8E008C64C3 /* Build configuration list for PBXNativeTarget "Chat-App" */;
			buildPhases = (
				FBF1D4D328927A8D008C64C3 /* Sources */,
				FBF1D4D428927A8D008C64C3 /* Frameworks */,
				FBF1D4D528927A8D008C64C3 /* Resources */,
			);
			buildRules = (
			);
			dependencies = (
			);
			name = "Chat-App";
			productName = "Chat-App";
			productReference = FBF1D4D728927A8D008C64C3 /* Chat-App.app */;
			productType = "com.apple.product-type.application";
		};
/* End PBXNativeTarget section */

/* Begin PBXProject section */
		FBF1D4CF28927A8D008C64C3 /* Project object */ = {
			isa = PBXProject;
			attributes = {
				BuildIndependentTargetsInParallel = 1;
				LastSwiftUpdateCheck = 1330;
				LastUpgradeCheck = 1330;
				TargetAttributes = {
					FBF1D4D628927A8D008C64C3 = {
						CreatedOnToolsVersion = 13.3.1;
						LastSwiftMigration = 1340;
					};
				};
			};
			buildConfigurationList = FBF1D4D228927A8D008C64C3 /* Build configuration list for PBXProject "Chat-App" */;
			compatibilityVersion = "Xcode 13.0";
			developmentRegion = en;
			hasScannedForEncodings = 0;
			knownRegions = (
				en,
				Base,
			);
			mainGroup = FBF1D4CE28927A8D008C64C3;
			productRefGroup = FBF1D4D828927A8D008C64C3 /* Products */;
			projectDirPath = "";
			projectRoot = "";
			targets = (
				FBF1D4D628927A8D008C64C3 /* Chat-App */,
			);
		};
/* End PBXProject section */

/* Begin PBXResourcesBuildPhase section */
		FBF1D4D528927A8D008C64C3 /* Resources */ = {
			isa = PBXResourcesBuildPhase;
			buildActionMask = 2147483647;
			files = (
				FB767E79289965610005164B /* Main.storyboard in Resources */,
				FBF1D4E728927A8E008C64C3 /* LaunchScreen.storyboard in Resources */,
				FBF1D4E428927A8E008C64C3 /* Assets.xcassets in Resources */,
			);
			runOnlyForDeploymentPostprocessing = 0;
		};
/* End PBXResourcesBuildPhase section */

/* Begin PBXSourcesBuildPhase section */
		FBF1D4D328927A8D008C64C3 /* Sources */ = {
			isa = PBXSourcesBuildPhase;
			buildActionMask = 2147483647;
			files = (
				FBF1D4DF28927A8D008C64C3 /* OnboardingViewController.swift in Sources */,
				77CF7C8428A2AED50093D9B2 /* NetworkStatus.swift in Sources */,
				FB7CF1B528940AA600B66C78 /* UIViewExtensions.swift in Sources */,
				FBCA2166289285B3005B6722 /* NSObjectExtension.swift in Sources */,
				FBCA215628928159005B6722 /* UserDefaultsService.swift in Sources */,
				FB26697428996D0200F8BA7F /* MainButton.swift in Sources */,
				FBCA2169289288FA005B6722 /* SliderView.swift in Sources */,
				FBCA214D28928002005B6722 /* ContactsViewController.swift in Sources */,
				FB44AB4928A3F74C001501CD /* StringExtension.swift in Sources */,
				FBCA21632892857B005B6722 /* Coordinator.swift in Sources */,
				FBCA214F2892801F005B6722 /* ChatViewController.swift in Sources */,
				FBCA214928927FC7005B6722 /* SigninViewController.swift in Sources */,
				FB7D7E0528931D0F00BE4886 /* CornerRadiusExtension.swift in Sources */,
				FBCA215F28928359005B6722 /* ObjectConversation.swift in Sources */,
				FBF1D4DB28927A8D008C64C3 /* AppDelegate.swift in Sources */,
				FB44AB4B28A3F7BA001501CD /* UIViewControllerExtension.swift in Sources */,
				FBCA216128928360005B6722 /* ObjectMessage.swift in Sources */,
				FB26697228996CCB00F8BA7F /* SegmentedView.swift in Sources */,
				FBCA215328928094005B6722 /* ChatManager.swift in Sources */,
				77CF7C8228A2ACE10093D9B2 /* UserManager.swift in Sources */,
				FBCA214B28927FE3005B6722 /* ConversationsViewController.swift in Sources */,
				FBCA215928928187005B6722 /* ConversationCell.swift in Sources */,
				FBCA215C28928246005B6722 /* ObjectUser.swift in Sources */,
				FBF1D4DD28927A8D008C64C3 /* SceneDelegate.swift in Sources */,
				FBCA214728927F81005B6722 /* InitialViewController.swift in Sources */,
				FBCA215128928056005B6722 /* FullScreenImageViewController.swift in Sources */,
				FB4CF5E82893ABC8001540CB /* RotationExtension.swift in Sources */,
				FB5B0A14289AB6C0002CA342 /* NSAtrributedStringExtension.swift in Sources */,
				FB7D0112289AC5FD008936CD /* ResizableUICollectionView.swift in Sources */,
			);
			runOnlyForDeploymentPostprocessing = 0;
		};
/* End PBXSourcesBuildPhase section */

/* Begin PBXVariantGroup section */
		FBF1D4E528927A8E008C64C3 /* LaunchScreen.storyboard */ = {
			isa = PBXVariantGroup;
			children = (
				FBF1D4E628927A8E008C64C3 /* Base */,
			);
			name = LaunchScreen.storyboard;
			sourceTree = "<group>";
		};
/* End PBXVariantGroup section */

/* Begin XCBuildConfiguration section */
		FBF1D4E928927A8E008C64C3 /* Debug */ = {
			isa = XCBuildConfiguration;
			buildSettings = {
				ALWAYS_SEARCH_USER_PATHS = NO;
				CLANG_ANALYZER_NONNULL = YES;
				CLANG_ANALYZER_NUMBER_OBJECT_CONVERSION = YES_AGGRESSIVE;
				CLANG_CXX_LANGUAGE_STANDARD = "gnu++17";
				CLANG_ENABLE_MODULES = YES;
				CLANG_ENABLE_OBJC_ARC = YES;
				CLANG_ENABLE_OBJC_WEAK = YES;
				CLANG_WARN_BLOCK_CAPTURE_AUTORELEASING = YES;
				CLANG_WARN_BOOL_CONVERSION = YES;
				CLANG_WARN_COMMA = YES;
				CLANG_WARN_CONSTANT_CONVERSION = YES;
				CLANG_WARN_DEPRECATED_OBJC_IMPLEMENTATIONS = YES;
				CLANG_WARN_DIRECT_OBJC_ISA_USAGE = YES_ERROR;
				CLANG_WARN_DOCUMENTATION_COMMENTS = YES;
				CLANG_WARN_EMPTY_BODY = YES;
				CLANG_WARN_ENUM_CONVERSION = YES;
				CLANG_WARN_INFINITE_RECURSION = YES;
				CLANG_WARN_INT_CONVERSION = YES;
				CLANG_WARN_NON_LITERAL_NULL_CONVERSION = YES;
				CLANG_WARN_OBJC_IMPLICIT_RETAIN_SELF = YES;
				CLANG_WARN_OBJC_LITERAL_CONVERSION = YES;
				CLANG_WARN_OBJC_ROOT_CLASS = YES_ERROR;
				CLANG_WARN_QUOTED_INCLUDE_IN_FRAMEWORK_HEADER = YES;
				CLANG_WARN_RANGE_LOOP_ANALYSIS = YES;
				CLANG_WARN_STRICT_PROTOTYPES = YES;
				CLANG_WARN_SUSPICIOUS_MOVE = YES;
				CLANG_WARN_UNGUARDED_AVAILABILITY = YES_AGGRESSIVE;
				CLANG_WARN_UNREACHABLE_CODE = YES;
				CLANG_WARN__DUPLICATE_METHOD_MATCH = YES;
				COPY_PHASE_STRIP = NO;
				DEBUG_INFORMATION_FORMAT = dwarf;
				ENABLE_STRICT_OBJC_MSGSEND = YES;
				ENABLE_TESTABILITY = YES;
				GCC_C_LANGUAGE_STANDARD = gnu11;
				GCC_DYNAMIC_NO_PIC = NO;
				GCC_NO_COMMON_BLOCKS = YES;
				GCC_OPTIMIZATION_LEVEL = 0;
				GCC_PREPROCESSOR_DEFINITIONS = (
					"DEBUG=1",
					"$(inherited)",
				);
				GCC_WARN_64_TO_32_BIT_CONVERSION = YES;
				GCC_WARN_ABOUT_RETURN_TYPE = YES_ERROR;
				GCC_WARN_UNDECLARED_SELECTOR = YES;
				GCC_WARN_UNINITIALIZED_AUTOS = YES_AGGRESSIVE;
				GCC_WARN_UNUSED_FUNCTION = YES;
				GCC_WARN_UNUSED_VARIABLE = YES;
				IPHONEOS_DEPLOYMENT_TARGET = 15.4;
				MTL_ENABLE_DEBUG_INFO = INCLUDE_SOURCE;
				MTL_FAST_MATH = YES;
				ONLY_ACTIVE_ARCH = YES;
				SDKROOT = iphoneos;
				SWIFT_ACTIVE_COMPILATION_CONDITIONS = DEBUG;
				SWIFT_OPTIMIZATION_LEVEL = "-Onone";
			};
			name = Debug;
		};
		FBF1D4EA28927A8E008C64C3 /* Release */ = {
			isa = XCBuildConfiguration;
			buildSettings = {
				ALWAYS_SEARCH_USER_PATHS = NO;
				CLANG_ANALYZER_NONNULL = YES;
				CLANG_ANALYZER_NUMBER_OBJECT_CONVERSION = YES_AGGRESSIVE;
				CLANG_CXX_LANGUAGE_STANDARD = "gnu++17";
				CLANG_ENABLE_MODULES = YES;
				CLANG_ENABLE_OBJC_ARC = YES;
				CLANG_ENABLE_OBJC_WEAK = YES;
				CLANG_WARN_BLOCK_CAPTURE_AUTORELEASING = YES;
				CLANG_WARN_BOOL_CONVERSION = YES;
				CLANG_WARN_COMMA = YES;
				CLANG_WARN_CONSTANT_CONVERSION = YES;
				CLANG_WARN_DEPRECATED_OBJC_IMPLEMENTATIONS = YES;
				CLANG_WARN_DIRECT_OBJC_ISA_USAGE = YES_ERROR;
				CLANG_WARN_DOCUMENTATION_COMMENTS = YES;
				CLANG_WARN_EMPTY_BODY = YES;
				CLANG_WARN_ENUM_CONVERSION = YES;
				CLANG_WARN_INFINITE_RECURSION = YES;
				CLANG_WARN_INT_CONVERSION = YES;
				CLANG_WARN_NON_LITERAL_NULL_CONVERSION = YES;
				CLANG_WARN_OBJC_IMPLICIT_RETAIN_SELF = YES;
				CLANG_WARN_OBJC_LITERAL_CONVERSION = YES;
				CLANG_WARN_OBJC_ROOT_CLASS = YES_ERROR;
				CLANG_WARN_QUOTED_INCLUDE_IN_FRAMEWORK_HEADER = YES;
				CLANG_WARN_RANGE_LOOP_ANALYSIS = YES;
				CLANG_WARN_STRICT_PROTOTYPES = YES;
				CLANG_WARN_SUSPICIOUS_MOVE = YES;
				CLANG_WARN_UNGUARDED_AVAILABILITY = YES_AGGRESSIVE;
				CLANG_WARN_UNREACHABLE_CODE = YES;
				CLANG_WARN__DUPLICATE_METHOD_MATCH = YES;
				COPY_PHASE_STRIP = NO;
				DEBUG_INFORMATION_FORMAT = "dwarf-with-dsym";
				ENABLE_NS_ASSERTIONS = NO;
				ENABLE_STRICT_OBJC_MSGSEND = YES;
				GCC_C_LANGUAGE_STANDARD = gnu11;
				GCC_NO_COMMON_BLOCKS = YES;
				GCC_WARN_64_TO_32_BIT_CONVERSION = YES;
				GCC_WARN_ABOUT_RETURN_TYPE = YES_ERROR;
				GCC_WARN_UNDECLARED_SELECTOR = YES;
				GCC_WARN_UNINITIALIZED_AUTOS = YES_AGGRESSIVE;
				GCC_WARN_UNUSED_FUNCTION = YES;
				GCC_WARN_UNUSED_VARIABLE = YES;
				IPHONEOS_DEPLOYMENT_TARGET = 15.4;
				MTL_ENABLE_DEBUG_INFO = NO;
				MTL_FAST_MATH = YES;
				SDKROOT = iphoneos;
				SWIFT_COMPILATION_MODE = wholemodule;
				SWIFT_OPTIMIZATION_LEVEL = "-O";
				VALIDATE_PRODUCT = YES;
			};
			name = Release;
		};
		FBF1D4EC28927A8E008C64C3 /* Debug */ = {
			isa = XCBuildConfiguration;
			buildSettings = {
				ASSETCATALOG_COMPILER_APPICON_NAME = AppIcon;
				ASSETCATALOG_COMPILER_GLOBAL_ACCENT_COLOR_NAME = AccentColor;
				CLANG_ENABLE_MODULES = YES;
				CODE_SIGN_STYLE = Automatic;
				CURRENT_PROJECT_VERSION = 1;
				GENERATE_INFOPLIST_FILE = YES;
				INFOPLIST_FILE = "Chat-App/Application/Info.plist";
				INFOPLIST_KEY_UIApplicationSupportsIndirectInputEvents = YES;
				INFOPLIST_KEY_UILaunchStoryboardName = LaunchScreen;
				INFOPLIST_KEY_UIMainStoryboardFile = Main;
				INFOPLIST_KEY_UISupportedInterfaceOrientations = UIInterfaceOrientationPortrait;
				INFOPLIST_KEY_UISupportedInterfaceOrientations_iPad = "UIInterfaceOrientationPortrait UIInterfaceOrientationPortraitUpsideDown UIInterfaceOrientationLandscapeLeft UIInterfaceOrientationLandscapeRight";
				INFOPLIST_KEY_UISupportedInterfaceOrientations_iPhone = "UIInterfaceOrientationPortrait UIInterfaceOrientationLandscapeLeft UIInterfaceOrientationLandscapeRight";
				IPHONEOS_DEPLOYMENT_TARGET = 15.0;
				LD_RUNPATH_SEARCH_PATHS = (
					"$(inherited)",
					"@executable_path/Frameworks",
				);
				MARKETING_VERSION = 1.0;
				PRODUCT_BUNDLE_IDENTIFIER = "Norgh.Chat-App";
				PRODUCT_NAME = "$(TARGET_NAME)";
				SWIFT_EMIT_LOC_STRINGS = YES;
				SWIFT_OPTIMIZATION_LEVEL = "-Onone";
				SWIFT_VERSION = 5.0;
				TARGETED_DEVICE_FAMILY = "1,2";
			};
			name = Debug;
		};
		FBF1D4ED28927A8E008C64C3 /* Release */ = {
			isa = XCBuildConfiguration;
			buildSettings = {
				ASSETCATALOG_COMPILER_APPICON_NAME = AppIcon;
				ASSETCATALOG_COMPILER_GLOBAL_ACCENT_COLOR_NAME = AccentColor;
				CLANG_ENABLE_MODULES = YES;
				CODE_SIGN_STYLE = Automatic;
				CURRENT_PROJECT_VERSION = 1;
				GENERATE_INFOPLIST_FILE = YES;
				INFOPLIST_FILE = "Chat-App/Application/Info.plist";
				INFOPLIST_KEY_UIApplicationSupportsIndirectInputEvents = YES;
				INFOPLIST_KEY_UILaunchStoryboardName = LaunchScreen;
				INFOPLIST_KEY_UIMainStoryboardFile = Main;
				INFOPLIST_KEY_UISupportedInterfaceOrientations = UIInterfaceOrientationPortrait;
				INFOPLIST_KEY_UISupportedInterfaceOrientations_iPad = "UIInterfaceOrientationPortrait UIInterfaceOrientationPortraitUpsideDown UIInterfaceOrientationLandscapeLeft UIInterfaceOrientationLandscapeRight";
				INFOPLIST_KEY_UISupportedInterfaceOrientations_iPhone = "UIInterfaceOrientationPortrait UIInterfaceOrientationLandscapeLeft UIInterfaceOrientationLandscapeRight";
				IPHONEOS_DEPLOYMENT_TARGET = 15.0;
				LD_RUNPATH_SEARCH_PATHS = (
					"$(inherited)",
					"@executable_path/Frameworks",
				);
				MARKETING_VERSION = 1.0;
				PRODUCT_BUNDLE_IDENTIFIER = "Norgh.Chat-App";
				PRODUCT_NAME = "$(TARGET_NAME)";
				SWIFT_EMIT_LOC_STRINGS = YES;
				SWIFT_VERSION = 5.0;
				TARGETED_DEVICE_FAMILY = "1,2";
			};
			name = Release;
		};
/* End XCBuildConfiguration section */

/* Begin XCConfigurationList section */
		FBF1D4D228927A8D008C64C3 /* Build configuration list for PBXProject "Chat-App" */ = {
			isa = XCConfigurationList;
			buildConfigurations = (
				FBF1D4E928927A8E008C64C3 /* Debug */,
				FBF1D4EA28927A8E008C64C3 /* Release */,
			);
			defaultConfigurationIsVisible = 0;
			defaultConfigurationName = Release;
		};
		FBF1D4EB28927A8E008C64C3 /* Build configuration list for PBXNativeTarget "Chat-App" */ = {
			isa = XCConfigurationList;
			buildConfigurations = (
				FBF1D4EC28927A8E008C64C3 /* Debug */,
				FBF1D4ED28927A8E008C64C3 /* Release */,
			);
			defaultConfigurationIsVisible = 0;
			defaultConfigurationName = Release;
		};
/* End XCConfigurationList section */
	};
	rootObject = FBF1D4CF28927A8D008C64C3 /* Project object */;
}
